{
  "object": {
    "pins": [
      {
        "package": "PrepUnits",
        "repositoryURL": "https://github.com/pxlshpr/PrepUnits",
        "state": {
          "branch": null,
          "revision": "c1847dc8caf161a8976d5585aaf7279c9354849d",
          "version": "0.0.23"
        }
      },
      {
        "package": "SwiftSugar",
        "repositoryURL": "https://github.com/pxlshpr/SwiftSugar",
        "state": {
          "branch": null,
          "revision": "d3c55e58bbf36886db0b8b3b07fcb5e2e26bf5de",
          "version": "0.0.35"
        }
      }
    ]
  },
  "version": 1
}
