{
  "object": {
    "pins": [
      {
        "package": "PrepUnits",
        "repositoryURL": "https://github.com/pxlshpr/PrepUnits",
        "state": {
          "branch": null,
          "revision": "8bbd9c289a12f55dde56fb5d2907ad8e9989d665",
          "version": "0.0.34"
        }
      },
      {
        "package": "SwiftSugar",
        "repositoryURL": "https://github.com/pxlshpr/SwiftSugar",
        "state": {
          "branch": null,
          "revision": "d3c55e58bbf36886db0b8b3b07fcb5e2e26bf5de",
          "version": "0.0.35"
        }
      }
    ]
  },
  "version": 1
}
